PODS:
  - BEMAnalogClock (1.6)
  - Realm (3.7.4):
    - Realm/Headers (= 3.7.4)
  - Realm/Headers (3.7.4)
  - RealmSwift (3.7.4):
    - Realm (= 3.7.4)

DEPENDENCIES:
  - BEMAnalogClock
  - RealmSwift

SPEC CHECKSUMS:
  BEMAnalogClock: b654e7f507cc02895222a26c33ca8493172b39cd
  Realm: a469bb59e33f9926102ccaea4349822c53b9117e
  RealmSwift: a45861b21c180f5cf0f122144b9759fa8dde3e9e

PODFILE CHECKSUM: b2037af398c7b512596d60cf3923512d52db3ae4

COCOAPODS: 1.3.1
