// !$*UTF8*$!
{
	archiveVersion = 1;
	classes = {
	};
	objectVersion = 50;
	objects = {

/* Begin PBXBuildFile section */
		0C249D81148CE77307CF2FE1 /* Pods_Math.framework in Frameworks */ = {isa = PBXBuildFile; fileRef = 03D58D4B350BD094FAA09706 /* Pods_Math.framework */; };
		2205B4F320F086F1000D6B7F /* BaseViewController.swift in Sources */ = {isa = PBXBuildFile; fileRef = 2205B4F220F086F1000D6B7F /* BaseViewController.swift */; };
		2205B4F520F088B6000D6B7F /* ClockViewController.swift in Sources */ = {isa = PBXBuildFile; fileRef = 2205B4F420F088B6000D6B7F /* ClockViewController.swift */; };
		22A48D5720DDE25B000DC746 /* AppDelegate.swift in Sources */ = {isa = PBXBuildFile; fileRef = 22A48D5620DDE25B000DC746 /* AppDelegate.swift */; };
		22A48D5920DDE25B000DC746 /* TestViewController.swift in Sources */ = {isa = PBXBuildFile; fileRef = 22A48D5820DDE25B000DC746 /* TestViewController.swift */; };
		22A48D5C20DDE25B000DC746 /* Main.storyboard in Resources */ = {isa = PBXBuildFile; fileRef = 22A48D5A20DDE25B000DC746 /* Main.storyboard */; };
		22A48D5E20DDE25C000DC746 /* Assets.xcassets in Resources */ = {isa = PBXBuildFile; fileRef = 22A48D5D20DDE25C000DC746 /* Assets.xcassets */; };
		22A48D6120DDE25C000DC746 /* LaunchScreen.storyboard in Resources */ = {isa = PBXBuildFile; fileRef = 22A48D5F20DDE25C000DC746 /* LaunchScreen.storyboard */; };
		22A48D6920DDE58E000DC746 /* SequenceExtension.swift in Sources */ = {isa = PBXBuildFile; fileRef = 22A48D6820DDE58E000DC746 /* SequenceExtension.swift */; };
		22B6AF9220DF54F000C6D24C /* ResultManager.swift in Sources */ = {isa = PBXBuildFile; fileRef = 22B6AF9120DF54F000C6D24C /* ResultManager.swift */; };
		22B6AF9420DF553700C6D24C /* Test.swift in Sources */ = {isa = PBXBuildFile; fileRef = 22B6AF9320DF553700C6D24C /* Test.swift */; };
		22B6AF9620DF59F000C6D24C /* DateResultViewController.swift in Sources */ = {isa = PBXBuildFile; fileRef = 22B6AF9520DF59F000C6D24C /* DateResultViewController.swift */; };
		22B6AF9820DF5EBB00C6D24C /* TestResultViewController.swift in Sources */ = {isa = PBXBuildFile; fileRef = 22B6AF9720DF5EBA00C6D24C /* TestResultViewController.swift */; };
		22BEC82D20F07B65009F7EFE /* ComparisonViewController.swift in Sources */ = {isa = PBXBuildFile; fileRef = 22BEC82C20F07B65009F7EFE /* ComparisonViewController.swift */; };
		22C9188520DE074300651E2F /* StartViewController.swift in Sources */ = {isa = PBXBuildFile; fileRef = 22C9188420DE074300651E2F /* StartViewController.swift */; };
		22CC0A1720F078D700F75A18 /* HomeViewController.swift in Sources */ = {isa = PBXBuildFile; fileRef = 22CC0A1620F078D700F75A18 /* HomeViewController.swift */; };
/* End PBXBuildFile section */

/* Begin PBXFileReference section */
		03D58D4B350BD094FAA09706 /* Pods_Math.framework */ = {isa = PBXFileReference; explicitFileType = wrapper.framework; includeInIndex = 0; path = Pods_Math.framework; sourceTree = BUILT_PRODUCTS_DIR; };
		2205B4F220F086F1000D6B7F /* BaseViewController.swift */ = {isa = PBXFileReference; lastKnownFileType = sourcecode.swift; path = BaseViewController.swift; sourceTree = "<group>"; };
		2205B4F420F088B6000D6B7F /* ClockViewController.swift */ = {isa = PBXFileReference; lastKnownFileType = sourcecode.swift; path = ClockViewController.swift; sourceTree = "<group>"; };
		226E589220F08D3C00E63421 /* BridgingHeader.h */ = {isa = PBXFileReference; lastKnownFileType = sourcecode.c.h; path = BridgingHeader.h; sourceTree = "<group>"; };
		22A48D5320DDE25B000DC746 /* Math.app */ = {isa = PBXFileReference; explicitFileType = wrapper.application; includeInIndex = 0; path = Math.app; sourceTree = BUILT_PRODUCTS_DIR; };
		22A48D5620DDE25B000DC746 /* AppDelegate.swift */ = {isa = PBXFileReference; lastKnownFileType = sourcecode.swift; path = AppDelegate.swift; sourceTree = "<group>"; };
		22A48D5820DDE25B000DC746 /* TestViewController.swift */ = {isa = PBXFileReference; lastKnownFileType = sourcecode.swift; path = TestViewController.swift; sourceTree = "<group>"; };
		22A48D5B20DDE25B000DC746 /* Base */ = {isa = PBXFileReference; lastKnownFileType = file.storyboard; name = Base; path = Base.lproj/Main.storyboard; sourceTree = "<group>"; };
		22A48D5D20DDE25C000DC746 /* Assets.xcassets */ = {isa = PBXFileReference; lastKnownFileType = folder.assetcatalog; path = Assets.xcassets; sourceTree = "<group>"; };
		22A48D6020DDE25C000DC746 /* Base */ = {isa = PBXFileReference; lastKnownFileType = file.storyboard; name = Base; path = Base.lproj/LaunchScreen.storyboard; sourceTree = "<group>"; };
		22A48D6220DDE25C000DC746 /* Info.plist */ = {isa = PBXFileReference; lastKnownFileType = text.plist.xml; path = Info.plist; sourceTree = "<group>"; };
		22A48D6820DDE58E000DC746 /* SequenceExtension.swift */ = {isa = PBXFileReference; lastKnownFileType = sourcecode.swift; path = SequenceExtension.swift; sourceTree = "<group>"; };
		22B6AF9120DF54F000C6D24C /* ResultManager.swift */ = {isa = PBXFileReference; lastKnownFileType = sourcecode.swift; path = ResultManager.swift; sourceTree = "<group>"; };
		22B6AF9320DF553700C6D24C /* Test.swift */ = {isa = PBXFileReference; lastKnownFileType = sourcecode.swift; path = Test.swift; sourceTree = "<group>"; };
		22B6AF9520DF59F000C6D24C /* DateResultViewController.swift */ = {isa = PBXFileReference; lastKnownFileType = sourcecode.swift; path = DateResultViewController.swift; sourceTree = "<group>"; };
		22B6AF9720DF5EBA00C6D24C /* TestResultViewController.swift */ = {isa = PBXFileReference; lastKnownFileType = sourcecode.swift; path = TestResultViewController.swift; sourceTree = "<group>"; };
		22BEC82C20F07B65009F7EFE /* ComparisonViewController.swift */ = {isa = PBXFileReference; lastKnownFileType = sourcecode.swift; path = ComparisonViewController.swift; sourceTree = "<group>"; };
		22C9188420DE074300651E2F /* StartViewController.swift */ = {isa = PBXFileReference; lastKnownFileType = sourcecode.swift; path = StartViewController.swift; sourceTree = "<group>"; };
		22CC0A1620F078D700F75A18 /* HomeViewController.swift */ = {isa = PBXFileReference; lastKnownFileType = sourcecode.swift; path = HomeViewController.swift; sourceTree = "<group>"; };
		832852561697557C9C638B11 /* Pods-Math.debug.xcconfig */ = {isa = PBXFileReference; includeInIndex = 1; lastKnownFileType = text.xcconfig; name = "Pods-Math.debug.xcconfig"; path = "Pods/Target Support Files/Pods-Math/Pods-Math.debug.xcconfig"; sourceTree = "<group>"; };
		B7A2004D454A82DF7399BA03 /* Pods-Math.release.xcconfig */ = {isa = PBXFileReference; includeInIndex = 1; lastKnownFileType = text.xcconfig; name = "Pods-Math.release.xcconfig"; path = "Pods/Target Support Files/Pods-Math/Pods-Math.release.xcconfig"; sourceTree = "<group>"; };
/* End PBXFileReference section */

/* Begin PBXFrameworksBuildPhase section */
		22A48D5020DDE25B000DC746 /* Frameworks */ = {
			isa = PBXFrameworksBuildPhase;
			buildActionMask = 2147483647;
			files = (
				0C249D81148CE77307CF2FE1 /* Pods_Math.framework in Frameworks */,
			);
			runOnlyForDeploymentPostprocessing = 0;
		};
/* End PBXFrameworksBuildPhase section */

/* Begin PBXGroup section */
		22A48D4A20DDE25B000DC746 = {
			isa = PBXGroup;
			children = (
				22A48D5520DDE25B000DC746 /* Math */,
				22A48D5420DDE25B000DC746 /* Products */,
				586FF0A579F55C83B85EAD13 /* Pods */,
				BE370F77DA1ABF0F6FB02769 /* Frameworks */,
			);
			sourceTree = "<group>";
		};
		22A48D5420DDE25B000DC746 /* Products */ = {
			isa = PBXGroup;
			children = (
				22A48D5320DDE25B000DC746 /* Math.app */,
			);
			name = Products;
			sourceTree = "<group>";
		};
		22A48D5520DDE25B000DC746 /* Math */ = {
			isa = PBXGroup;
			children = (
				22A48D6820DDE58E000DC746 /* SequenceExtension.swift */,
				226E589220F08D3C00E63421 /* BridgingHeader.h */,
				22A48D5620DDE25B000DC746 /* AppDelegate.swift */,
				22B6AF9120DF54F000C6D24C /* ResultManager.swift */,
				22B6AF9320DF553700C6D24C /* Test.swift */,
				22A48D5820DDE25B000DC746 /* TestViewController.swift */,
				22C9188420DE074300651E2F /* StartViewController.swift */,
				22B6AF9520DF59F000C6D24C /* DateResultViewController.swift */,
				22B6AF9720DF5EBA00C6D24C /* TestResultViewController.swift */,
				22CC0A1620F078D700F75A18 /* HomeViewController.swift */,
				22BEC82C20F07B65009F7EFE /* ComparisonViewController.swift */,
				2205B4F220F086F1000D6B7F /* BaseViewController.swift */,
				2205B4F420F088B6000D6B7F /* ClockViewController.swift */,
				22A48D5A20DDE25B000DC746 /* Main.storyboard */,
				22A48D5D20DDE25C000DC746 /* Assets.xcassets */,
				22A48D5F20DDE25C000DC746 /* LaunchScreen.storyboard */,
				22A48D6220DDE25C000DC746 /* Info.plist */,
			);
			path = Math;
			sourceTree = "<group>";
		};
		586FF0A579F55C83B85EAD13 /* Pods */ = {
			isa = PBXGroup;
			children = (
				832852561697557C9C638B11 /* Pods-Math.debug.xcconfig */,
				B7A2004D454A82DF7399BA03 /* Pods-Math.release.xcconfig */,
			);
			name = Pods;
			sourceTree = "<group>";
		};
		BE370F77DA1ABF0F6FB02769 /* Frameworks */ = {
			isa = PBXGroup;
			children = (
				03D58D4B350BD094FAA09706 /* Pods_Math.framework */,
			);
			name = Frameworks;
			sourceTree = "<group>";
		};
/* End PBXGroup section */

/* Begin PBXNativeTarget section */
		22A48D5220DDE25B000DC746 /* Math */ = {
			isa = PBXNativeTarget;
			buildConfigurationList = 22A48D6520DDE25C000DC746 /* Build configuration list for PBXNativeTarget "Math" */;
			buildPhases = (
				A089ED6C217F36F9AEF5229E /* [CP] Check Pods Manifest.lock */,
				22A48D4F20DDE25B000DC746 /* Sources */,
				22A48D5020DDE25B000DC746 /* Frameworks */,
				22A48D5120DDE25B000DC746 /* Resources */,
				3EC304167D22524BD9AB47D0 /* [CP] Embed Pods Frameworks */,
				8DDA9469F88F0430968E5772 /* [CP] Copy Pods Resources */,
			);
			buildRules = (
			);
			dependencies = (
			);
			name = Math;
			productName = Math;
			productReference = 22A48D5320DDE25B000DC746 /* Math.app */;
			productType = "com.apple.product-type.application";
		};
/* End PBXNativeTarget section */

/* Begin PBXProject section */
		22A48D4B20DDE25B000DC746 /* Project object */ = {
			isa = PBXProject;
			attributes = {
				LastSwiftUpdateCheck = 0940;
				LastUpgradeCheck = 0940;
				ORGANIZATIONNAME = "William Peroche";
				TargetAttributes = {
					22A48D5220DDE25B000DC746 = {
						CreatedOnToolsVersion = 9.4.1;
					};
				};
			};
			buildConfigurationList = 22A48D4E20DDE25B000DC746 /* Build configuration list for PBXProject "Math" */;
			compatibilityVersion = "Xcode 9.3";
			developmentRegion = en;
			hasScannedForEncodings = 0;
			knownRegions = (
				en,
				Base,
			);
			mainGroup = 22A48D4A20DDE25B000DC746;
			productRefGroup = 22A48D5420DDE25B000DC746 /* Products */;
			projectDirPath = "";
			projectRoot = "";
			targets = (
				22A48D5220DDE25B000DC746 /* Math */,
			);
		};
/* End PBXProject section */

/* Begin PBXResourcesBuildPhase section */
		22A48D5120DDE25B000DC746 /* Resources */ = {
			isa = PBXResourcesBuildPhase;
			buildActionMask = 2147483647;
			files = (
				22A48D6120DDE25C000DC746 /* LaunchScreen.storyboard in Resources */,
				22A48D5E20DDE25C000DC746 /* Assets.xcassets in Resources */,
				22A48D5C20DDE25B000DC746 /* Main.storyboard in Resources */,
			);
			runOnlyForDeploymentPostprocessing = 0;
		};
/* End PBXResourcesBuildPhase section */

/* Begin PBXShellScriptBuildPhase section */
		3EC304167D22524BD9AB47D0 /* [CP] Embed Pods Frameworks */ = {
			isa = PBXShellScriptBuildPhase;
			buildActionMask = 2147483647;
			files = (
			);
			inputPaths = (
				"${SRCROOT}/Pods/Target Support Files/Pods-Math/Pods-Math-frameworks.sh",
				"${BUILT_PRODUCTS_DIR}/BEMAnalogClock/BEMAnalogClock.framework",
				"${BUILT_PRODUCTS_DIR}/Realm/Realm.framework",
				"${BUILT_PRODUCTS_DIR}/RealmSwift/RealmSwift.framework",
			);
			name = "[CP] Embed Pods Frameworks";
			outputPaths = (
				"${TARGET_BUILD_DIR}/${FRAMEWORKS_FOLDER_PATH}/BEMAnalogClock.framework",
				"${TARGET_BUILD_DIR}/${FRAMEWORKS_FOLDER_PATH}/Realm.framework",
				"${TARGET_BUILD_DIR}/${FRAMEWORKS_FOLDER_PATH}/RealmSwift.framework",
			);
			runOnlyForDeploymentPostprocessing = 0;
			shellPath = /bin/sh;
			shellScript = "\"${SRCROOT}/Pods/Target Support Files/Pods-Math/Pods-Math-frameworks.sh\"\n";
			showEnvVarsInLog = 0;
		};
		8DDA9469F88F0430968E5772 /* [CP] Copy Pods Resources */ = {
			isa = PBXShellScriptBuildPhase;
			buildActionMask = 2147483647;
			files = (
			);
			inputPaths = (
			);
			name = "[CP] Copy Pods Resources";
			outputPaths = (
			);
			runOnlyForDeploymentPostprocessing = 0;
			shellPath = /bin/sh;
			shellScript = "\"${SRCROOT}/Pods/Target Support Files/Pods-Math/Pods-Math-resources.sh\"\n";
			showEnvVarsInLog = 0;
		};
		A089ED6C217F36F9AEF5229E /* [CP] Check Pods Manifest.lock */ = {
			isa = PBXShellScriptBuildPhase;
			buildActionMask = 2147483647;
			files = (
			);
			inputPaths = (
				"${PODS_PODFILE_DIR_PATH}/Podfile.lock",
				"${PODS_ROOT}/Manifest.lock",
			);
			name = "[CP] Check Pods Manifest.lock";
			outputPaths = (
				"$(DERIVED_FILE_DIR)/Pods-Math-checkManifestLockResult.txt",
			);
			runOnlyForDeploymentPostprocessing = 0;
			shellPath = /bin/sh;
			shellScript = "diff \"${PODS_PODFILE_DIR_PATH}/Podfile.lock\" \"${PODS_ROOT}/Manifest.lock\" > /dev/null\nif [ $? != 0 ] ; then\n    # print error to STDERR\n    echo \"error: The sandbox is not in sync with the Podfile.lock. Run 'pod install' or update your CocoaPods installation.\" >&2\n    exit 1\nfi\n# This output is used by Xcode 'outputs' to avoid re-running this script phase.\necho \"SUCCESS\" > \"${SCRIPT_OUTPUT_FILE_0}\"\n";
			showEnvVarsInLog = 0;
		};
/* End PBXShellScriptBuildPhase section */

/* Begin PBXSourcesBuildPhase section */
		22A48D4F20DDE25B000DC746 /* Sources */ = {
			isa = PBXSourcesBuildPhase;
			buildActionMask = 2147483647;
			files = (
				22A48D6920DDE58E000DC746 /* SequenceExtension.swift in Sources */,
				22C9188520DE074300651E2F /* StartViewController.swift in Sources */,
				2205B4F320F086F1000D6B7F /* BaseViewController.swift in Sources */,
				2205B4F520F088B6000D6B7F /* ClockViewController.swift in Sources */,
				22A48D5920DDE25B000DC746 /* TestViewController.swift in Sources */,
				22A48D5720DDE25B000DC746 /* AppDelegate.swift in Sources */,
				22B6AF9220DF54F000C6D24C /* ResultManager.swift in Sources */,
				22CC0A1720F078D700F75A18 /* HomeViewController.swift in Sources */,
				22B6AF9420DF553700C6D24C /* Test.swift in Sources */,
				22BEC82D20F07B65009F7EFE /* ComparisonViewController.swift in Sources */,
				22B6AF9620DF59F000C6D24C /* DateResultViewController.swift in Sources */,
				22B6AF9820DF5EBB00C6D24C /* TestResultViewController.swift in Sources */,
			);
			runOnlyForDeploymentPostprocessing = 0;
		};
/* End PBXSourcesBuildPhase section */

/* Begin PBXVariantGroup section */
		22A48D5A20DDE25B000DC746 /* Main.storyboard */ = {
			isa = PBXVariantGroup;
			children = (
				22A48D5B20DDE25B000DC746 /* Base */,
			);
			name = Main.storyboard;
			sourceTree = "<group>";
		};
		22A48D5F20DDE25C000DC746 /* LaunchScreen.storyboard */ = {
			isa = PBXVariantGroup;
			children = (
				22A48D6020DDE25C000DC746 /* Base */,
			);
			name = LaunchScreen.storyboard;
			sourceTree = "<group>";
		};
/* End PBXVariantGroup section */

/* Begin XCBuildConfiguration section */
		22A48D6320DDE25C000DC746 /* Debug */ = {
			isa = XCBuildConfiguration;
			buildSettings = {
				ALWAYS_SEARCH_USER_PATHS = NO;
				CLANG_ANALYZER_NONNULL = YES;
				CLANG_ANALYZER_NUMBER_OBJECT_CONVERSION = YES_AGGRESSIVE;
				CLANG_CXX_LANGUAGE_STANDARD = "gnu++14";
				CLANG_CXX_LIBRARY = "libc++";
				CLANG_ENABLE_MODULES = YES;
				CLANG_ENABLE_OBJC_ARC = YES;
				CLANG_ENABLE_OBJC_WEAK = YES;
				CLANG_WARN_BLOCK_CAPTURE_AUTORELEASING = YES;
				CLANG_WARN_BOOL_CONVERSION = YES;
				CLANG_WARN_COMMA = YES;
				CLANG_WARN_CONSTANT_CONVERSION = YES;
				CLANG_WARN_DEPRECATED_OBJC_IMPLEMENTATIONS = YES;
				CLANG_WARN_DIRECT_OBJC_ISA_USAGE = YES_ERROR;
				CLANG_WARN_DOCUMENTATION_COMMENTS = YES;
				CLANG_WARN_EMPTY_BODY = YES;
				CLANG_WARN_ENUM_CONVERSION = YES;
				CLANG_WARN_INFINITE_RECURSION = YES;
				CLANG_WARN_INT_CONVERSION = YES;
				CLANG_WARN_NON_LITERAL_NULL_CONVERSION = YES;
				CLANG_WARN_OBJC_IMPLICIT_RETAIN_SELF = YES;
				CLANG_WARN_OBJC_LITERAL_CONVERSION = YES;
				CLANG_WARN_OBJC_ROOT_CLASS = YES_ERROR;
				CLANG_WARN_RANGE_LOOP_ANALYSIS = YES;
				CLANG_WARN_STRICT_PROTOTYPES = YES;
				CLANG_WARN_SUSPICIOUS_MOVE = YES;
				CLANG_WARN_UNGUARDED_AVAILABILITY = YES_AGGRESSIVE;
				CLANG_WARN_UNREACHABLE_CODE = YES;
				CLANG_WARN__DUPLICATE_METHOD_MATCH = YES;
				CODE_SIGN_IDENTITY = "iPhone Developer";
				COPY_PHASE_STRIP = NO;
				DEBUG_INFORMATION_FORMAT = dwarf;
				ENABLE_STRICT_OBJC_MSGSEND = YES;
				ENABLE_TESTABILITY = YES;
				GCC_C_LANGUAGE_STANDARD = gnu11;
				GCC_DYNAMIC_NO_PIC = NO;
				GCC_NO_COMMON_BLOCKS = YES;
				GCC_OPTIMIZATION_LEVEL = 0;
				GCC_PREPROCESSOR_DEFINITIONS = (
					"DEBUG=1",
					"$(inherited)",
				);
				GCC_WARN_64_TO_32_BIT_CONVERSION = YES;
				GCC_WARN_ABOUT_RETURN_TYPE = YES_ERROR;
				GCC_WARN_UNDECLARED_SELECTOR = YES;
				GCC_WARN_UNINITIALIZED_AUTOS = YES_AGGRESSIVE;
				GCC_WARN_UNUSED_FUNCTION = YES;
				GCC_WARN_UNUSED_VARIABLE = YES;
				IPHONEOS_DEPLOYMENT_TARGET = 11.4;
				MTL_ENABLE_DEBUG_INFO = YES;
				ONLY_ACTIVE_ARCH = YES;
				SDKROOT = iphoneos;
				SWIFT_ACTIVE_COMPILATION_CONDITIONS = DEBUG;
				SWIFT_OPTIMIZATION_LEVEL = "-Onone";
			};
			name = Debug;
		};
		22A48D6420DDE25C000DC746 /* Release */ = {
			isa = XCBuildConfiguration;
			buildSettings = {
				ALWAYS_SEARCH_USER_PATHS = NO;
				CLANG_ANALYZER_NONNULL = YES;
				CLANG_ANALYZER_NUMBER_OBJECT_CONVERSION = YES_AGGRESSIVE;
				CLANG_CXX_LANGUAGE_STANDARD = "gnu++14";
				CLANG_CXX_LIBRARY = "libc++";
				CLANG_ENABLE_MODULES = YES;
				CLANG_ENABLE_OBJC_ARC = YES;
				CLANG_ENABLE_OBJC_WEAK = YES;
				CLANG_WARN_BLOCK_CAPTURE_AUTORELEASING = YES;
				CLANG_WARN_BOOL_CONVERSION = YES;
				CLANG_WARN_COMMA = YES;
				CLANG_WARN_CONSTANT_CONVERSION = YES;
				CLANG_WARN_DEPRECATED_OBJC_IMPLEMENTATIONS = YES;
				CLANG_WARN_DIRECT_OBJC_ISA_USAGE = YES_ERROR;
				CLANG_WARN_DOCUMENTATION_COMMENTS = YES;
				CLANG_WARN_EMPTY_BODY = YES;
				CLANG_WARN_ENUM_CONVERSION = YES;
				CLANG_WARN_INFINITE_RECURSION = YES;
				CLANG_WARN_INT_CONVERSION = YES;
				CLANG_WARN_NON_LITERAL_NULL_CONVERSION = YES;
				CLANG_WARN_OBJC_IMPLICIT_RETAIN_SELF = YES;
				CLANG_WARN_OBJC_LITERAL_CONVERSION = YES;
				CLANG_WARN_OBJC_ROOT_CLASS = YES_ERROR;
				CLANG_WARN_RANGE_LOOP_ANALYSIS = YES;
				CLANG_WARN_STRICT_PROTOTYPES = YES;
				CLANG_WARN_SUSPICIOUS_MOVE = YES;
				CLANG_WARN_UNGUARDED_AVAILABILITY = YES_AGGRESSIVE;
				CLANG_WARN_UNREACHABLE_CODE = YES;
				CLANG_WARN__DUPLICATE_METHOD_MATCH = YES;
				CODE_SIGN_IDENTITY = "iPhone Developer";
				COPY_PHASE_STRIP = NO;
				DEBUG_INFORMATION_FORMAT = "dwarf-with-dsym";
				ENABLE_NS_ASSERTIONS = NO;
				ENABLE_STRICT_OBJC_MSGSEND = YES;
				GCC_C_LANGUAGE_STANDARD = gnu11;
				GCC_NO_COMMON_BLOCKS = YES;
				GCC_WARN_64_TO_32_BIT_CONVERSION = YES;
				GCC_WARN_ABOUT_RETURN_TYPE = YES_ERROR;
				GCC_WARN_UNDECLARED_SELECTOR = YES;
				GCC_WARN_UNINITIALIZED_AUTOS = YES_AGGRESSIVE;
				GCC_WARN_UNUSED_FUNCTION = YES;
				GCC_WARN_UNUSED_VARIABLE = YES;
				IPHONEOS_DEPLOYMENT_TARGET = 11.4;
				MTL_ENABLE_DEBUG_INFO = NO;
				SDKROOT = iphoneos;
				SWIFT_COMPILATION_MODE = wholemodule;
				SWIFT_OPTIMIZATION_LEVEL = "-O";
				VALIDATE_PRODUCT = YES;
			};
			name = Release;
		};
		22A48D6620DDE25C000DC746 /* Debug */ = {
			isa = XCBuildConfiguration;
			baseConfigurationReference = 832852561697557C9C638B11 /* Pods-Math.debug.xcconfig */;
			buildSettings = {
				ASSETCATALOG_COMPILER_APPICON_NAME = AppIcon;
				CODE_SIGN_STYLE = Automatic;
				DEVELOPMENT_TEAM = PEL7F9397Y;
				INFOPLIST_FILE = Math/Info.plist;
				IPHONEOS_DEPLOYMENT_TARGET = 10.2;
				LD_RUNPATH_SEARCH_PATHS = (
					"$(inherited)",
					"@executable_path/Frameworks",
				);
				PRODUCT_BUNDLE_IDENTIFIER = nz.co.Math;
				PRODUCT_NAME = "$(TARGET_NAME)";
				SWIFT_VERSION = 4.0;
				TARGETED_DEVICE_FAMILY = 2;
			};
			name = Debug;
		};
		22A48D6720DDE25C000DC746 /* Release */ = {
			isa = XCBuildConfiguration;
			baseConfigurationReference = B7A2004D454A82DF7399BA03 /* Pods-Math.release.xcconfig */;
			buildSettings = {
				ASSETCATALOG_COMPILER_APPICON_NAME = AppIcon;
				CODE_SIGN_STYLE = Automatic;
				DEVELOPMENT_TEAM = PEL7F9397Y;
				INFOPLIST_FILE = Math/Info.plist;
				IPHONEOS_DEPLOYMENT_TARGET = 10.2;
				LD_RUNPATH_SEARCH_PATHS = (
					"$(inherited)",
					"@executable_path/Frameworks",
				);
				PRODUCT_BUNDLE_IDENTIFIER = nz.co.Math;
				PRODUCT_NAME = "$(TARGET_NAME)";
				SWIFT_VERSION = 4.0;
				TARGETED_DEVICE_FAMILY = 2;
			};
			name = Release;
		};
/* End XCBuildConfiguration section */

/* Begin XCConfigurationList section */
		22A48D4E20DDE25B000DC746 /* Build configuration list for PBXProject "Math" */ = {
			isa = XCConfigurationList;
			buildConfigurations = (
				22A48D6320DDE25C000DC746 /* Debug */,
				22A48D6420DDE25C000DC746 /* Release */,
			);
			defaultConfigurationIsVisible = 0;
			defaultConfigurationName = Release;
		};
		22A48D6520DDE25C000DC746 /* Build configuration list for PBXNativeTarget "Math" */ = {
			isa = XCConfigurationList;
			buildConfigurations = (
				22A48D6620DDE25C000DC746 /* Debug */,
				22A48D6720DDE25C000DC746 /* Release */,
			);
			defaultConfigurationIsVisible = 0;
			defaultConfigurationName = Release;
		};
/* End XCConfigurationList section */
	};
	rootObject = 22A48D4B20DDE25B000DC746 /* Project object */;
}
